
Microsoft Visual Studio Solution File, Format Version 12.00
# Visual Studio Version 16
VisualStudioVersion = 16.0.30309.148
MinimumVisualStudioVersion = 10.0.40219.1
Project("{FAE04EC0-301F-11D3-BF4B-00C04F79EFBC}") = "DelegatesGit", "DelegatesGit\DelegatesGit.csproj", "{74CA88D9-4ABF-4972-9E99-8A99F747B4D0}"
EndProject
Global
	GlobalSection(SolutionConfigurationPlatforms) = preSolution
		Debug|Any CPU = Debug|Any CPU
		Release|Any CPU = Release|Any CPU
	EndGlobalSection
	GlobalSection(ProjectConfigurationPlatforms) = postSolution
		{74CA88D9-4ABF-4972-9E99-8A99F747B4D0}.Debug|Any CPU.ActiveCfg = Debug|Any CPU
		{74CA88D9-4ABF-4972-9E99-8A99F747B4D0}.Debug|Any CPU.Build.0 = Debug|Any CPU
		{74CA88D9-4ABF-4972-9E99-8A99F747B4D0}.Release|Any CPU.ActiveCfg = Release|Any CPU
		{74CA88D9-4ABF-4972-9E99-8A99F747B4D0}.Release|Any CPU.Build.0 = Release|Any CPU
	EndGlobalSection
	GlobalSection(SolutionProperties) = preSolution
		HideSolutionNode = FALSE
	EndGlobalSection
	GlobalSection(ExtensibilityGlobals) = postSolution
		SolutionGuid = {03BE944C-2363-4C34-89FE-610AD01AEBFE}
	EndGlobalSection
EndGlobal
